
Microsoft Visual Studio Solution File, Format Version 11.00
# Visual Studio 2010
Project("{FAE04EC0-301F-11D3-BF4B-00C04F79EFBC}") = "TicketView", "TicketView\TicketView.csproj", "{CA1AB751-3B64-47D9-8C72-7008F12BA23A}"
EndProject
Project("{FAE04EC0-301F-11D3-BF4B-00C04F79EFBC}") = "TicketView.Tests", "TicketView.Tests\TicketView.Tests.csproj", "{9C9AA7A2-B659-4C4B-9D91-DA5F4BE12E6E}"
EndProject
Global
	GlobalSection(SolutionConfigurationPlatforms) = preSolution
		Debug|Any CPU = Debug|Any CPU
		Release|Any CPU = Release|Any CPU
	EndGlobalSection
	GlobalSection(ProjectConfigurationPlatforms) = postSolution
		{CA1AB751-3B64-47D9-8C72-7008F12BA23A}.Debug|Any CPU.ActiveCfg = Debug|Any CPU
		{CA1AB751-3B64-47D9-8C72-7008F12BA23A}.Debug|Any CPU.Build.0 = Debug|Any CPU
		{CA1AB751-3B64-47D9-8C72-7008F12BA23A}.Release|Any CPU.ActiveCfg = Release|Any CPU
		{CA1AB751-3B64-47D9-8C72-7008F12BA23A}.Release|Any CPU.Build.0 = Release|Any CPU
		{9C9AA7A2-B659-4C4B-9D91-DA5F4BE12E6E}.Debug|Any CPU.ActiveCfg = Debug|Any CPU
		{9C9AA7A2-B659-4C4B-9D91-DA5F4BE12E6E}.Debug|Any CPU.Build.0 = Debug|Any CPU
		{9C9AA7A2-B659-4C4B-9D91-DA5F4BE12E6E}.Release|Any CPU.ActiveCfg = Release|Any CPU
		{9C9AA7A2-B659-4C4B-9D91-DA5F4BE12E6E}.Release|Any CPU.Build.0 = Release|Any CPU
	EndGlobalSection
	GlobalSection(SolutionProperties) = preSolution
		HideSolutionNode = FALSE
	EndGlobalSection
EndGlobal
